{
  "name": "restoration-tooling",
  "lockfileVersion": 3,
  "requires": true,
  "packages": {
    "": {
      "name": "restoration-tooling",
      "devDependencies": {
        "@scientific-method/executable-reader": "0.0.0",
        "@scientific-method/standard-checker": "0.0.0"
      },
      "engines": {
        "node": ">=22"
      }
    },
    "node_modules/@scientific-method/executable-reader": {
      "version": "0.0.0",
      "resolved": "https://registry.npmjs.org/@scientific-method/executable-reader/-/executable-reader-0.0.0.tgz",
      "integrity": "sha512-8ToV1vhcrOvInNTeJXmHQgdI1TYwQ3qmzfFdcyblqdBVc6XPg0d/at6lMIHI0MdiNzrygyOwDxAPK+JGiJxjDA==",
      "dev": true,
      "license": "MIT",
      "bin": {
        "scientific-method": "dist/bin/scientific-method.js"
      },
      "engines": {
        "node": ">=22"
      }
    },
    "node_modules/@scientific-method/standard-checker": {
      "version": "0.0.0",
      "resolved": "https://registry.npmjs.org/@scientific-method/standard-checker/-/standard-checker-0.0.0.tgz",
      "integrity": "sha512-govedT8CgwoDe9Vol4BDGsgZC/dNXzyAUG0zyNcJ1uBrqyoFj8Sg/tq3VHWfMvAHfK66dLCRndkP36CuzmrNzQ==",
      "dev": true,
      "license": "MIT",
      "bin": {
        "standard-checker": "dist/standard-checker.js"
      },
      "engines": {
        "node": ">=22"
      }
    }
  }
}
