---
lockfileVersion: '9.0'

importers:

  .:
    configDependencies: {}
    packageManagerDependencies:
      pnpm:
        specifier: 12.8.1
        version: 12.8.1

packages:

  '@pnpm/exe.android-arm64@12.8.1':
    resolution: {integrity: sha512-siDxcidfz5eM6L2tJfik+i2bbUEw8UC7MZ3Yl2HYdRmqbdhHGAOQACtOOu6QVW4Jul4/w5wVKm+wM8ACtgh1Pg==}
    cpu: [arm64]
    os: [android]

  '@pnpm/exe.android-x64@12.8.1':
    resolution: {integrity: sha512-0F/uqPRc3aN4vLHsa0f+6fTtmsigFQ9/yxEU43fionF//pNHEd5e97b3w/nKIgqYMCUQCJphmBRMA9Q8/wlo9Q==}
    cpu: [x64]
    os: [android]

  '@pnpm/exe.darwin-arm64@12.8.1':
    resolution: {integrity: sha512-/rwavvMQJsl2RIxOHBnDF+4Gk+fhQFAY4M3PQZoKskJOEnaJcygG9p1xby6wcQcbS4d9dIubv09CQhufTgfmpw==}
    cpu: [arm64]
    os: [darwin]

  '@pnpm/exe.darwin-x64@12.8.1':
    resolution: {integrity: sha512-htYt2gN7zqJKLhC99Ft6EUiO7myjZAZXfmGCTJUL1v+o7vE9hZdE1+fAkk4Oj1ZHNRti6b2woOxEkRkAusi8OQ==}
    cpu: [x64]
    os: [darwin]

  '@pnpm/exe.freebsd-x64@12.8.1':
    resolution: {integrity: sha512-PB5BULNgytxvExoOXUUeseS/DcpPENs+cg3iA6xHHeaLT4ctEGKSGXEbuj7USeqvo8JBpAx039hivnbzGqDwnA==}
    cpu: [x64]
    os: [freebsd]

  '@pnpm/exe.linux-arm64-musl@12.8.1':
    resolution: {integrity: sha512-kKeyC/ArjrgdciQRBrOL0j9HtOI4gDRgoyP+eJ1CQKyadpKlf/DhDDyspXe07R3B9KagTVLUF2nlt6Dr5quFIg==}
    cpu: [arm64]
    os: [linux]
    libc: [musl]

  '@pnpm/exe.linux-arm64@12.8.1':
    resolution: {integrity: sha512-q4s9a9X2O3N9aeUFooW24orNrxvu20+jyVUFR5RanPCqOKKPBrgs2iywMkBBx1aXkkzdWT54/mfz8Be8sJlWEw==}
    cpu: [arm64]
    os: [linux]
    libc: [glibc]

  '@pnpm/exe.linux-ppc64@12.8.1':
    resolution: {integrity: sha512-F7XSjKJthwCh/L6abZiMpAfo2Cm61SZIT3e4dfgiIjESndlWaXCnfLKngSgZ/SEMsdmHT6dud3+kWIB3tw0/xQ==}
    cpu: [ppc64]
    os: [linux]
    libc: [glibc]

  '@pnpm/exe.linux-riscv64@12.8.1':
    resolution: {integrity: sha512-z1ecpIK/ZY08Unk69KWWE9867oaKUytGUjrHnBoGFAAhsK+q+0cfvBH+f5fWobJ7FX97leMlLO+gkJolddM45Q==}
    cpu: [riscv64]
    os: [linux]
    libc: [glibc]

  '@pnpm/exe.linux-s390x@12.8.1':
    resolution: {integrity: sha512-KU6tnrBfu4uKXTq6N5qJwSm8FSrs9Wc8b5AUEsHK9bRXwNdsZ1/lRxG1++X29SKRW9OSNuDSjxASv5mAvGo1gA==}
    cpu: [s390x]
    os: [linux]
    libc: [glibc]

  '@pnpm/exe.linux-x64-musl@12.8.1':
    resolution: {integrity: sha512-eUE8BWJkDr2tJb/yrk0yVnszlmNqFarVxUlqiZ9BAkct28Nq/5g2H0tvMDmPA7fAQW3STNj+omJPPRVT+4s5sQ==}
    cpu: [x64]
    os: [linux]
    libc: [musl]

  '@pnpm/exe.linux-x64@12.8.1':
    resolution: {integrity: sha512-8bDZ0lZlCdi2rvnFul7EYgcC7zKeWSe76y8JV2oXobaS8p9i9d6PSf6LgLtTM0fI7R9Oh4eLCbveXyNDMmvZ+g==}
    cpu: [x64]
    os: [linux]
    libc: [glibc]

  '@pnpm/exe.win32-arm64@12.8.1':
    resolution: {integrity: sha512-MsT0dlrRxnCRCHCaosNbhWpEiAFnFuMEu3KuDJDU41BXgTwiINxU8goloUSUDejWZUqKaUqNC/qUTihl9nFtqg==}
    cpu: [arm64]
    os: [win32]

  '@pnpm/exe.win32-x64@12.8.1':
    resolution: {integrity: sha512-SWtPe0PsbTTk//gJND10tMdOfCYjrkq5+qV49hzVhY7xz2iJ339Rc+xwASlcvbwTfrvH39YNqpKYibD+CRGLwA==}
    cpu: [x64]
    os: [win32]

  pnpm@12.8.1:
    resolution: {integrity: sha512-9kupB1B/XOr+BsjTjmBS0BeURFgOwSed3Vv8EctIqoomRLZlmOB+dh2oSHKp/FfV+QK4f6SdAkGY1VhhKqu+RQ==}
    engines: {node: '>=18.*'}
    hasBin: true

snapshots:

  '@pnpm/exe.android-arm64@12.8.1':
    optional: true

  '@pnpm/exe.android-x64@12.8.1':
    optional: true

  '@pnpm/exe.darwin-arm64@12.8.1':
    optional: true

  '@pnpm/exe.darwin-x64@12.8.1':
    optional: true

  '@pnpm/exe.freebsd-x64@12.8.1':
    optional: true

  '@pnpm/exe.linux-arm64-musl@12.8.1':
    optional: true

  '@pnpm/exe.linux-arm64@12.8.1':
    optional: true

  '@pnpm/exe.linux-ppc64@12.8.1':
    optional: true

  '@pnpm/exe.linux-riscv64@12.8.1':
    optional: true

  '@pnpm/exe.linux-s390x@12.8.1':
    optional: true

  '@pnpm/exe.linux-x64-musl@12.8.1':
    optional: true

  '@pnpm/exe.linux-x64@12.8.1':
    optional: true

  '@pnpm/exe.win32-arm64@12.8.1':
    optional: true

  '@pnpm/exe.win32-x64@12.8.1':
    optional: true

  pnpm@12.8.1:
    optionalDependencies:
      '@pnpm/exe.android-arm64': 12.8.1
      '@pnpm/exe.android-x64': 12.8.1
      '@pnpm/exe.darwin-arm64': 12.8.1
      '@pnpm/exe.darwin-x64': 12.8.1
      '@pnpm/exe.freebsd-x64': 12.8.1
      '@pnpm/exe.linux-arm64': 12.8.1
      '@pnpm/exe.linux-arm64-musl': 12.8.1
      '@pnpm/exe.linux-ppc64': 12.8.1
      '@pnpm/exe.linux-riscv64': 12.8.1
      '@pnpm/exe.linux-s390x': 12.8.1
      '@pnpm/exe.linux-x64': 12.8.1
      '@pnpm/exe.linux-x64-musl': 12.8.1
      '@pnpm/exe.win32-arm64': 12.8.1
      '@pnpm/exe.win32-x64': 12.8.1

---
lockfileVersion: '9.0'

settings:
  autoInstallPeers: true
  excludeLinksFromLockfile: false

importers:

  .:
    devDependencies:
      '@scientific-method/executable-reader':
        specifier: 2.3.0
        version: 2.3.0
      '@scientific-method/standard-checker':
        specifier: 2.5.0
        version: 2.5.0

packages:

  '@node-rs/xxhash-android-arm-eabi@1.7.8':
    resolution: {integrity: sha512-dOwbmnDzULc5uRgbIvcrxDa7vGdk51GQVREcY98DdxTBd0lomRg/gqAR9ny/S533cD5QTRSvrK+q8KEJMqoG4w==}
    engines: {node: '>= 12'}
    cpu: [arm]
    os: [android]

  '@node-rs/xxhash-android-arm64@1.7.8':
    resolution: {integrity: sha512-djHN4MBgYkD0uPIGM+IyWrO5aT4vEdsO5bzNxV2+NVl7r1Hdk3PB7GIv0BOKV1C+fkBGXHYJ5xezlOEY1LFDzA==}
    engines: {node: '>= 12'}
    cpu: [arm64]
    os: [android]

  '@node-rs/xxhash-darwin-arm64@1.7.8':
    resolution: {integrity: sha512-cwhxfUesdIPesdN23VSwh7Ypx9Kx4gvVmH3v6UINADcavnBeizdWRXXefRzdckDphUM2y8WGLko9WMM/86KHYQ==}
    engines: {node: '>= 12'}
    cpu: [arm64]
    os: [darwin]

  '@node-rs/xxhash-darwin-x64@1.7.8':
    resolution: {integrity: sha512-YO1x98WbSnMdkaiJiKojnMxNaNxg2QrnHz7W9U4BTSw/IcvvpXGFNxNaSm0FYtO6lZAlfvQpiDr4XGXFXjJtJw==}
    engines: {node: '>= 12'}
    cpu: [x64]
    os: [darwin]

  '@node-rs/xxhash-freebsd-x64@1.7.8':
    resolution: {integrity: sha512-MDsskeigVvvGNEm7G9avNKyHeoqgzBCaDo6KLYsi0T/nEBih+xybVIjZ57+GPxTnpUbet8SrcmU64DgAQC5Rnw==}
    engines: {node: '>= 12'}
    cpu: [x64]
    os: [freebsd]

  '@node-rs/xxhash-linux-arm-gnueabihf@1.7.8':
    resolution: {integrity: sha512-ld25nCGEGedwnmn2YgpFbgQNdKnvdQXDeqrwqMuORIbRhtc+QOm1dlcbq+tULN2Vii9G0bcpb6i1lPTEv5ejyQ==}
    engines: {node: '>= 12'}
    cpu: [arm]
    os: [linux]

  '@node-rs/xxhash-linux-arm64-gnu@1.7.8':
    resolution: {integrity: sha512-Z9YH6BQ1Zywk/nl0j9MG3jRBsIYOed6rSZAGTMT4p924wo9nHll39DZ9hd43kksofInkXOv3WMemzDy7zQ6QFw==}
    engines: {node: '>= 12'}
    cpu: [arm64]
    os: [linux]
    libc: [glibc]

  '@node-rs/xxhash-linux-arm64-musl@1.7.8':
    resolution: {integrity: sha512-L847azl5081s2QEsX8KqQF8sJAYw1W7j7rpBQH4l5IBC2/kITgdXTNVmPM/MrDHXI2OumKCtRVoNTVuEP8zYVg==}
    engines: {node: '>= 12'}
    cpu: [arm64]
    os: [linux]
    libc: [musl]

  '@node-rs/xxhash-linux-x64-gnu@1.7.8':
    resolution: {integrity: sha512-tWvNBiFu73/gbZ57uU/3T/3tJ/q+NFAYQj06hsORt6qtllGLz0wJ7azYG/ZlJBfijJA0K7fT+3rThzKJlIdkZg==}
    engines: {node: '>= 12'}
    cpu: [x64]
    os: [linux]
    libc: [glibc]

  '@node-rs/xxhash-linux-x64-musl@1.7.8':
    resolution: {integrity: sha512-HW29+JFyWbBHYzD/SfwkD9xxj5k2VH/VqG+Ltn9JH0PlJHvLQtG4IgXxLPboF9e6Kmwb1fjjBJn46GdT8hxA1w==}
    engines: {node: '>= 12'}
    cpu: [x64]
    os: [linux]
    libc: [musl]

  '@node-rs/xxhash-win32-arm64-msvc@1.7.8':
    resolution: {integrity: sha512-3vf7hmj1LVOfrUXMfRZI67G9h6fNjWg39vmgbD/IQdC/CQ/39aAXvnNmOY0MJNEnVixml668CCiyRccll0ZiyQ==}
    engines: {node: '>= 12'}
    cpu: [arm64]
    os: [win32]

  '@node-rs/xxhash-win32-ia32-msvc@1.7.8':
    resolution: {integrity: sha512-1yqUghB7/Megd3AhDO5KkOi/SiVtK+l0ERunxOTiDLmxvO3Vs4nmb3IW2EmH6mNPB732YYN8I2Y4ZQi3eJRt9Q==}
    engines: {node: '>= 12'}
    cpu: [ia32]
    os: [win32]

  '@node-rs/xxhash-win32-x64-msvc@1.7.8':
    resolution: {integrity: sha512-gccfpBxTsIAtwx23lvw40j+8moYQWBjc9/1ainrRBSke9HV4Oo8d4xQLgcR1wUXBhwE4mtK/f0T4EAE2oshOkg==}
    engines: {node: '>= 12'}
    cpu: [x64]
    os: [win32]

  '@node-rs/xxhash@1.7.8':
    resolution: {integrity: sha512-sXiVUI18qaCei5Y5qXty7xfEKrk4Vx89qKNZkG2sGWZG/iTThO3Xmnp5IjQpXCy941IksVDcl41HhvWRuhDLyw==}
    engines: {node: '>= 12'}

  '@scientific-method/executable-reader@2.3.0':
    resolution: {integrity: sha512-Ac/jPS6vCqh0RoS3SOxSM5RP23atF6uzzlWqhFWbBTk0sEIOCnnQ7oc32ubeBtNqfXsh9GtpYt50UO+SDL3Uhg==}
    engines: {node: '>=22'}
    hasBin: true

  '@scientific-method/standard-checker@2.5.0':
    resolution: {integrity: sha512-zGBDTU2wyEWZvD4+d9bKlO+qis/K86OaNE/RcQZApqs64Z2vZgzpbsmEYBCp3ZejSchqzwDCwNVbeEovyciCIw==}
    engines: {node: '>=22'}
    hasBin: true

snapshots:

  '@node-rs/xxhash-android-arm-eabi@1.7.8':
    optional: true

  '@node-rs/xxhash-android-arm64@1.7.8':
    optional: true

  '@node-rs/xxhash-darwin-arm64@1.7.8':
    optional: true

  '@node-rs/xxhash-darwin-x64@1.7.8':
    optional: true

  '@node-rs/xxhash-freebsd-x64@1.7.8':
    optional: true

  '@node-rs/xxhash-linux-arm-gnueabihf@1.7.8':
    optional: true

  '@node-rs/xxhash-linux-arm64-gnu@1.7.8':
    optional: true

  '@node-rs/xxhash-linux-arm64-musl@1.7.8':
    optional: true

  '@node-rs/xxhash-linux-x64-gnu@1.7.8':
    optional: true

  '@node-rs/xxhash-linux-x64-musl@1.7.8':
    optional: true

  '@node-rs/xxhash-win32-arm64-msvc@1.7.8':
    optional: true

  '@node-rs/xxhash-win32-ia32-msvc@1.7.8':
    optional: true

  '@node-rs/xxhash-win32-x64-msvc@1.7.8':
    optional: true

  '@node-rs/xxhash@1.7.8':
    optionalDependencies:
      '@node-rs/xxhash-android-arm-eabi': 1.7.8
      '@node-rs/xxhash-android-arm64': 1.7.8
      '@node-rs/xxhash-darwin-arm64': 1.7.8
      '@node-rs/xxhash-darwin-x64': 1.7.8
      '@node-rs/xxhash-freebsd-x64': 1.7.8
      '@node-rs/xxhash-linux-arm-gnueabihf': 1.7.8
      '@node-rs/xxhash-linux-arm64-gnu': 1.7.8
      '@node-rs/xxhash-linux-arm64-musl': 1.7.8
      '@node-rs/xxhash-linux-x64-gnu': 1.7.8
      '@node-rs/xxhash-linux-x64-musl': 1.7.8
      '@node-rs/xxhash-win32-arm64-msvc': 1.7.8
      '@node-rs/xxhash-win32-ia32-msvc': 1.7.8
      '@node-rs/xxhash-win32-x64-msvc': 1.7.8

  '@scientific-method/executable-reader@2.3.0':
    dependencies:
      '@node-rs/xxhash': 1.7.8

  '@scientific-method/standard-checker@2.5.0': {}
