{
  "version": 1,
  "dependencies": {
    "net10.0": {
      "SabreTools.Serialization": {
        "type": "Direct",
        "requested": "[3.2.0, 3.2.0]",
        "resolved": "3.2.0",
        "contentHash": "V/9YUKhONWYKBP5tXqqWB2CRBBHoLc5+IuaHhAAYMGmc4jG+ylx9yZEj2G5vmldayUin6MtNofmqfosUVezfLA==",
        "dependencies": {
          "GrindCore": "0.9.0",
          "GrindCore.SharpCompress": "0.50.5",
          "Newtonsoft.Json": "13.0.4",
          "SabreTools.Hashing": "2.1.0",
          "SabreTools.IO": "2.3.0"
        }
      },
      "Blake3": {
        "type": "Transitive",
        "resolved": "3.0.2",
        "contentHash": "THvWhdj8ErSdrGamTqjshCU1ImANfr7ieKY6eFqeMsRenvXEKut9qGm5/MA4SUk8IYvAahf67jSh0yVj9jTPzg=="
      },
      "BouncyCastle.NetCore": {
        "type": "Transitive",
        "resolved": "2.2.1",
        "contentHash": "yfWn8JYPc4rkeM2kcsCqFVFOvwCuuQvIieGtQWcjoWxOioeznXQB3M/GmHgbCWbJjc8ycrwGhZaZPiasifYi4A=="
      },
      "GrindCore": {
        "type": "Transitive",
        "resolved": "0.9.0",
        "contentHash": "fxC/m8zAIMPm2F50MJvC0BZGeoJo/YfSDJKKlEAXS74Hi4BQqLv0F1EdyZZS2K/x2LnP+W44X4l2WDKz3hIcNQ=="
      },
      "GrindCore.SharpCompress": {
        "type": "Transitive",
        "resolved": "0.50.5",
        "contentHash": "oxJlLfpHrdPWR1NIufAyGSxvFQytgdpJezNJmGiQSR8O8ooplsEvn/jvHSbRiCzrN9mCh7fej+wY6TsH2M6Szw==",
        "dependencies": {
          "GrindCore": "0.9.0"
        }
      },
      "Newtonsoft.Json": {
        "type": "Transitive",
        "resolved": "13.0.4",
        "contentHash": "pdgNNMai3zv51W5aq268sujXUyx7SNdE2bj1wZcWjAQrKMFZV260lbqYop1d2GM67JI1huLRwxo9ZqnfF/lC6A=="
      },
      "SabreTools.Hashing": {
        "type": "Transitive",
        "resolved": "2.1.0",
        "contentHash": "j0a6DoE6Y7aXac0Ad52D5gFPkG3IyKe6J3l28k6WT7Kuuian8cn0abs2HPSdmu/wtiKrCrHbeluBQD+2iR+i1A==",
        "dependencies": {
          "Blake3": "3.0.2",
          "System.IO.Hashing": "10.0.11"
        }
      },
      "SabreTools.IO": {
        "type": "Transitive",
        "resolved": "2.3.0",
        "contentHash": "5XbhEsV2o5oU886MNfCVSxy2XbFcaC5ytPVKdm7KJxeljhDut8dZJXptcxK1BeKB+qrE0LKI5psz6B4SHmGRaw==",
        "dependencies": {
          "BouncyCastle.NetCore": "2.2.1",
          "GrindCore": "0.9.0",
          "SabreTools.Hashing": "2.1.0"
        }
      },
      "System.IO.Hashing": {
        "type": "Transitive",
        "resolved": "10.0.11",
        "contentHash": "OzKDcIRkeNJeC8qAsbn8yJXnfTLP1dtkWILe+T56Gf/z+IkAASi7sMqLqJQat08j5z/mRN5xVtoAwbkMNMoBUQ=="
      },
      "restoration.resources": {
        "type": "Project"
      }
    }
  }
}